// !$*UTF8*$!
{
	archiveVersion = 1;
	classes = {
	};
	objectVersion = 50;
	objects = {

/* Begin PBXBuildFile section */
		1D120303214ACE8D00B035EC /* AppDelegate.swift in Sources */ = {isa = PBXBuildFile; fileRef = 1D120302214ACE8D00B035EC /* AppDelegate.swift */; };
		1D120305214ACE8D00B035EC /* ViewController.swift in Sources */ = {isa = PBXBuildFile; fileRef = 1D120304214ACE8D00B035EC /* ViewController.swift */; };
		1D120308214ACE8D00B035EC /* Main.storyboard in Resources */ = {isa = PBXBuildFile; fileRef = 1D120306214ACE8D00B035EC /* Main.storyboard */; };
		1D12030B214ACE8D00B035EC /* Get_Up_.xcdatamodeld in Sources */ = {isa = PBXBuildFile; fileRef = 1D120309214ACE8D00B035EC /* Get_Up_.xcdatamodeld */; };
		1D12030D214ACE9400B035EC /* Assets.xcassets in Resources */ = {isa = PBXBuildFile; fileRef = 1D12030C214ACE9400B035EC /* Assets.xcassets */; };
		1D120310214ACE9400B035EC /* LaunchScreen.storyboard in Resources */ = {isa = PBXBuildFile; fileRef = 1D12030E214ACE9400B035EC /* LaunchScreen.storyboard */; };
		1D12031A214D9BCF00B035EC /* GET UP.jpg in Resources */ = {isa = PBXBuildFile; fileRef = 1D120319214D9BCF00B035EC /* GET UP.jpg */; };
/* End PBXBuildFile section */

/* Begin PBXFileReference section */
		1D1202FF214ACE8D00B035EC /* Get Up!.app */ = {isa = PBXFileReference; explicitFileType = wrapper.application; includeInIndex = 0; path = "Get Up!.app"; sourceTree = BUILT_PRODUCTS_DIR; };
		1D120302214ACE8D00B035EC /* AppDelegate.swift */ = {isa = PBXFileReference; lastKnownFileType = sourcecode.swift; path = AppDelegate.swift; sourceTree = "<group>"; };
		1D120304214ACE8D00B035EC /* ViewController.swift */ = {isa = PBXFileReference; lastKnownFileType = sourcecode.swift; path = ViewController.swift; sourceTree = "<group>"; };
		1D120307214ACE8D00B035EC /* Base */ = {isa = PBXFileReference; lastKnownFileType = file.storyboard; name = Base; path = Base.lproj/Main.storyboard; sourceTree = "<group>"; };
		1D12030A214ACE8D00B035EC /* Get_Up_.xcdatamodel */ = {isa = PBXFileReference; lastKnownFileType = wrapper.xcdatamodel; path = Get_Up_.xcdatamodel; sourceTree = "<group>"; };
		1D12030C214ACE9400B035EC /* Assets.xcassets */ = {isa = PBXFileReference; lastKnownFileType = folder.assetcatalog; path = Assets.xcassets; sourceTree = "<group>"; };
		1D12030F214ACE9400B035EC /* Base */ = {isa = PBXFileReference; lastKnownFileType = file.storyboard; name = Base; path = Base.lproj/LaunchScreen.storyboard; sourceTree = "<group>"; };
		1D120311214ACE9400B035EC /* Info.plist */ = {isa = PBXFileReference; lastKnownFileType = text.plist.xml; path = Info.plist; sourceTree = "<group>"; };
		1D120319214D9BCF00B035EC /* GET UP.jpg */ = {isa = PBXFileReference; lastKnownFileType = image.jpeg; path = "GET UP.jpg"; sourceTree = "<group>"; };
/* End PBXFileReference section */

/* Begin PBXFrameworksBuildPhase section */
		1D1202FC214ACE8D00B035EC /* Frameworks */ = {
			isa = PBXFrameworksBuildPhase;
			buildActionMask = 2147483647;
			files = (
			);
			runOnlyForDeploymentPostprocessing = 0;
		};
/* End PBXFrameworksBuildPhase section */

/* Begin PBXGroup section */
		1D1202F6214ACE8D00B035EC = {
			isa = PBXGroup;
			children = (
				1D120301214ACE8D00B035EC /* Get Up! */,
				1D120300214ACE8D00B035EC /* Products */,
			);
			sourceTree = "<group>";
		};
		1D120300214ACE8D00B035EC /* Products */ = {
			isa = PBXGroup;
			children = (
				1D1202FF214ACE8D00B035EC /* Get Up!.app */,
			);
			name = Products;
			sourceTree = "<group>";
		};
		1D120301214ACE8D00B035EC /* Get Up! */ = {
			isa = PBXGroup;
			children = (
				1D120302214ACE8D00B035EC /* AppDelegate.swift */,
				1D120323214E91A500B035EC /* Controller */,
				1D12031E214E915500B035EC /* View */,
				1D12030C214ACE9400B035EC /* Assets.xcassets */,
				1D12030E214ACE9400B035EC /* LaunchScreen.storyboard */,
				1D120311214ACE9400B035EC /* Info.plist */,
				1D120309214ACE8D00B035EC /* Get_Up_.xcdatamodeld */,
				1D120319214D9BCF00B035EC /* GET UP.jpg */,
			);
			path = "Get Up!";
			sourceTree = "<group>";
		};
		1D12031E214E915500B035EC /* View */ = {
			isa = PBXGroup;
			children = (
				1D120306214ACE8D00B035EC /* Main.storyboard */,
			);
			path = View;
			sourceTree = "<group>";
		};
		1D120323214E91A500B035EC /* Controller */ = {
			isa = PBXGroup;
			children = (
				1D120304214ACE8D00B035EC /* ViewController.swift */,
			);
			path = Controller;
			sourceTree = "<group>";
		};
/* End PBXGroup section */

/* Begin PBXNativeTarget section */
		1D1202FE214ACE8D00B035EC /* Get Up! */ = {
			isa = PBXNativeTarget;
			buildConfigurationList = 1D120314214ACE9400B035EC /* Build configuration list for PBXNativeTarget "Get Up!" */;
			buildPhases = (
				1D1202FB214ACE8D00B035EC /* Sources */,
				1D1202FC214ACE8D00B035EC /* Frameworks */,
				1D1202FD214ACE8D00B035EC /* Resources */,
			);
			buildRules = (
			);
			dependencies = (
			);
			name = "Get Up!";
			productName = "Get Up!";
			productReference = 1D1202FF214ACE8D00B035EC /* Get Up!.app */;
			productType = "com.apple.product-type.application";
		};
/* End PBXNativeTarget section */

/* Begin PBXProject section */
		1D1202F7214ACE8D00B035EC /* Project object */ = {
			isa = PBXProject;
			attributes = {
				LastSwiftUpdateCheck = 0940;
				LastUpgradeCheck = 0940;
				ORGANIZATIONNAME = "Filip  Gonera";
				TargetAttributes = {
					1D1202FE214ACE8D00B035EC = {
						CreatedOnToolsVersion = 9.4.1;
					};
				};
			};
			buildConfigurationList = 1D1202FA214ACE8D00B035EC /* Build configuration list for PBXProject "Get Up!" */;
			compatibilityVersion = "Xcode 9.3";
			developmentRegion = en;
			hasScannedForEncodings = 0;
			knownRegions = (
				en,
				Base,
			);
			mainGroup = 1D1202F6214ACE8D00B035EC;
			productRefGroup = 1D120300214ACE8D00B035EC /* Products */;
			projectDirPath = "";
			projectRoot = "";
			targets = (
				1D1202FE214ACE8D00B035EC /* Get Up! */,
			);
		};
/* End PBXProject section */

/* Begin PBXResourcesBuildPhase section */
		1D1202FD214ACE8D00B035EC /* Resources */ = {
			isa = PBXResourcesBuildPhase;
			buildActionMask = 2147483647;
			files = (
				1D120310214ACE9400B035EC /* LaunchScreen.storyboard in Resources */,
				1D12030D214ACE9400B035EC /* Assets.xcassets in Resources */,
				1D12031A214D9BCF00B035EC /* GET UP.jpg in Resources */,
				1D120308214ACE8D00B035EC /* Main.storyboard in Resources */,
			);
			runOnlyForDeploymentPostprocessing = 0;
		};
/* End PBXResourcesBuildPhase section */

/* Begin PBXSourcesBuildPhase section */
		1D1202FB214ACE8D00B035EC /* Sources */ = {
			isa = PBXSourcesBuildPhase;
			buildActionMask = 2147483647;
			files = (
				1D120305214ACE8D00B035EC /* ViewController.swift in Sources */,
				1D120303214ACE8D00B035EC /* AppDelegate.swift in Sources */,
				1D12030B214ACE8D00B035EC /* Get_Up_.xcdatamodeld in Sources */,
			);
			runOnlyForDeploymentPostprocessing = 0;
		};
/* End PBXSourcesBuildPhase section */

/* Begin PBXVariantGroup section */
		1D120306214ACE8D00B035EC /* Main.storyboard */ = {
			isa = PBXVariantGroup;
			children = (
				1D120307214ACE8D00B035EC /* Base */,
			);
			name = Main.storyboard;
			sourceTree = "<group>";
		};
		1D12030E214ACE9400B035EC /* LaunchScreen.storyboard */ = {
			isa = PBXVariantGroup;
			children = (
				1D12030F214ACE9400B035EC /* Base */,
			);
			name = LaunchScreen.storyboard;
			sourceTree = "<group>";
		};
/* End PBXVariantGroup section */

/* Begin XCBuildConfiguration section */
		1D120312214ACE9400B035EC /* Debug */ = {
			isa = XCBuildConfiguration;
			buildSettings = {
				ALWAYS_SEARCH_USER_PATHS = NO;
				CLANG_ANALYZER_NONNULL = YES;
				CLANG_ANALYZER_NUMBER_OBJECT_CONVERSION = YES_AGGRESSIVE;
				CLANG_CXX_LANGUAGE_STANDARD = "gnu++14";
				CLANG_CXX_LIBRARY = "libc++";
				CLANG_ENABLE_MODULES = YES;
				CLANG_ENABLE_OBJC_ARC = YES;
				CLANG_ENABLE_OBJC_WEAK = YES;
				CLANG_WARN_BLOCK_CAPTURE_AUTORELEASING = YES;
				CLANG_WARN_BOOL_CONVERSION = YES;
				CLANG_WARN_COMMA = YES;
				CLANG_WARN_CONSTANT_CONVERSION = YES;
				CLANG_WARN_DEPRECATED_OBJC_IMPLEMENTATIONS = YES;
				CLANG_WARN_DIRECT_OBJC_ISA_USAGE = YES_ERROR;
				CLANG_WARN_DOCUMENTATION_COMMENTS = YES;
				CLANG_WARN_EMPTY_BODY = YES;
				CLANG_WARN_ENUM_CONVERSION = YES;
				CLANG_WARN_INFINITE_RECURSION = YES;
				CLANG_WARN_INT_CONVERSION = YES;
				CLANG_WARN_NON_LITERAL_NULL_CONVERSION = YES;
				CLANG_WARN_OBJC_IMPLICIT_RETAIN_SELF = YES;
				CLANG_WARN_OBJC_LITERAL_CONVERSION = YES;
				CLANG_WARN_OBJC_ROOT_CLASS = YES_ERROR;
				CLANG_WARN_RANGE_LOOP_ANALYSIS = YES;
				CLANG_WARN_STRICT_PROTOTYPES = YES;
				CLANG_WARN_SUSPICIOUS_MOVE = YES;
				CLANG_WARN_UNGUARDED_AVAILABILITY = YES_AGGRESSIVE;
				CLANG_WARN_UNREACHABLE_CODE = YES;
				CLANG_WARN__DUPLICATE_METHOD_MATCH = YES;
				CODE_SIGN_IDENTITY = "iPhone Developer";
				COPY_PHASE_STRIP = NO;
				DEBUG_INFORMATION_FORMAT = dwarf;
				ENABLE_STRICT_OBJC_MSGSEND = YES;
				ENABLE_TESTABILITY = YES;
				GCC_C_LANGUAGE_STANDARD = gnu11;
				GCC_DYNAMIC_NO_PIC = NO;
				GCC_NO_COMMON_BLOCKS = YES;
				GCC_OPTIMIZATION_LEVEL = 0;
				GCC_PREPROCESSOR_DEFINITIONS = (
					"DEBUG=1",
					"$(inherited)",
				);
				GCC_WARN_64_TO_32_BIT_CONVERSION = YES;
				GCC_WARN_ABOUT_RETURN_TYPE = YES_ERROR;
				GCC_WARN_UNDECLARED_SELECTOR = YES;
				GCC_WARN_UNINITIALIZED_AUTOS = YES_AGGRESSIVE;
				GCC_WARN_UNUSED_FUNCTION = YES;
				GCC_WARN_UNUSED_VARIABLE = YES;
				IPHONEOS_DEPLOYMENT_TARGET = 11.4;
				MTL_ENABLE_DEBUG_INFO = YES;
				ONLY_ACTIVE_ARCH = YES;
				SDKROOT = iphoneos;
				SWIFT_ACTIVE_COMPILATION_CONDITIONS = DEBUG;
				SWIFT_OPTIMIZATION_LEVEL = "-Onone";
			};
			name = Debug;
		};
		1D120313214ACE9400B035EC /* Release */ = {
			isa = XCBuildConfiguration;
			buildSettings = {
				ALWAYS_SEARCH_USER_PATHS = NO;
				CLANG_ANALYZER_NONNULL = YES;
				CLANG_ANALYZER_NUMBER_OBJECT_CONVERSION = YES_AGGRESSIVE;
				CLANG_CXX_LANGUAGE_STANDARD = "gnu++14";
				CLANG_CXX_LIBRARY = "libc++";
				CLANG_ENABLE_MODULES = YES;
				CLANG_ENABLE_OBJC_ARC = YES;
				CLANG_ENABLE_OBJC_WEAK = YES;
				CLANG_WARN_BLOCK_CAPTURE_AUTORELEASING = YES;
				CLANG_WARN_BOOL_CONVERSION = YES;
				CLANG_WARN_COMMA = YES;
				CLANG_WARN_CONSTANT_CONVERSION = YES;
				CLANG_WARN_DEPRECATED_OBJC_IMPLEMENTATIONS = YES;
				CLANG_WARN_DIRECT_OBJC_ISA_USAGE = YES_ERROR;
				CLANG_WARN_DOCUMENTATION_COMMENTS = YES;
				CLANG_WARN_EMPTY_BODY = YES;
				CLANG_WARN_ENUM_CONVERSION = YES;
				CLANG_WARN_INFINITE_RECURSION = YES;
				CLANG_WARN_INT_CONVERSION = YES;
				CLANG_WARN_NON_LITERAL_NULL_CONVERSION = YES;
				CLANG_WARN_OBJC_IMPLICIT_RETAIN_SELF = YES;
				CLANG_WARN_OBJC_LITERAL_CONVERSION = YES;
				CLANG_WARN_OBJC_ROOT_CLASS = YES_ERROR;
				CLANG_WARN_RANGE_LOOP_ANALYSIS = YES;
				CLANG_WARN_STRICT_PROTOTYPES = YES;
				CLANG_WARN_SUSPICIOUS_MOVE = YES;
				CLANG_WARN_UNGUARDED_AVAILABILITY = YES_AGGRESSIVE;
				CLANG_WARN_UNREACHABLE_CODE = YES;
				CLANG_WARN__DUPLICATE_METHOD_MATCH = YES;
				CODE_SIGN_IDENTITY = "iPhone Developer";
				COPY_PHASE_STRIP = NO;
				DEBUG_INFORMATION_FORMAT = "dwarf-with-dsym";
				ENABLE_NS_ASSERTIONS = NO;
				ENABLE_STRICT_OBJC_MSGSEND = YES;
				GCC_C_LANGUAGE_STANDARD = gnu11;
				GCC_NO_COMMON_BLOCKS = YES;
				GCC_WARN_64_TO_32_BIT_CONVERSION = YES;
				GCC_WARN_ABOUT_RETURN_TYPE = YES_ERROR;
				GCC_WARN_UNDECLARED_SELECTOR = YES;
				GCC_WARN_UNINITIALIZED_AUTOS = YES_AGGRESSIVE;
				GCC_WARN_UNUSED_FUNCTION = YES;
				GCC_WARN_UNUSED_VARIABLE = YES;
				IPHONEOS_DEPLOYMENT_TARGET = 11.4;
				MTL_ENABLE_DEBUG_INFO = NO;
				SDKROOT = iphoneos;
				SWIFT_COMPILATION_MODE = wholemodule;
				SWIFT_OPTIMIZATION_LEVEL = "-O";
				VALIDATE_PRODUCT = YES;
			};
			name = Release;
		};
		1D120315214ACE9400B035EC /* Debug */ = {
			isa = XCBuildConfiguration;
			buildSettings = {
				ASSETCATALOG_COMPILER_APPICON_NAME = AppIcon;
				CODE_SIGN_STYLE = Automatic;
				DEVELOPMENT_TEAM = LM229H4966;
				INFOPLIST_FILE = "Get Up!/Info.plist";
				LD_RUNPATH_SEARCH_PATHS = (
					"$(inherited)",
					"@executable_path/Frameworks",
				);
				PRODUCT_BUNDLE_IDENTIFIER = "FG.Get-Up-";
				PRODUCT_NAME = "$(TARGET_NAME)";
				SWIFT_COMPILATION_MODE = wholemodule;
				SWIFT_VERSION = 4.0;
				TARGETED_DEVICE_FAMILY = "1,2";
			};
			name = Debug;
		};
		1D120316214ACE9400B035EC /* Release */ = {
			isa = XCBuildConfiguration;
			buildSettings = {
				ASSETCATALOG_COMPILER_APPICON_NAME = AppIcon;
				CODE_SIGN_STYLE = Automatic;
				DEVELOPMENT_TEAM = LM229H4966;
				INFOPLIST_FILE = "Get Up!/Info.plist";
				LD_RUNPATH_SEARCH_PATHS = (
					"$(inherited)",
					"@executable_path/Frameworks",
				);
				PRODUCT_BUNDLE_IDENTIFIER = "FG.Get-Up-";
				PRODUCT_NAME = "$(TARGET_NAME)";
				SWIFT_VERSION = 4.0;
				TARGETED_DEVICE_FAMILY = "1,2";
			};
			name = Release;
		};
/* End XCBuildConfiguration section */

/* Begin XCConfigurationList section */
		1D1202FA214ACE8D00B035EC /* Build configuration list for PBXProject "Get Up!" */ = {
			isa = XCConfigurationList;
			buildConfigurations = (
				1D120312214ACE9400B035EC /* Debug */,
				1D120313214ACE9400B035EC /* Release */,
			);
			defaultConfigurationIsVisible = 0;
			defaultConfigurationName = Release;
		};
		1D120314214ACE9400B035EC /* Build configuration list for PBXNativeTarget "Get Up!" */ = {
			isa = XCConfigurationList;
			buildConfigurations = (
				1D120315214ACE9400B035EC /* Debug */,
				1D120316214ACE9400B035EC /* Release */,
			);
			defaultConfigurationIsVisible = 0;
			defaultConfigurationName = Release;
		};
/* End XCConfigurationList section */

/* Begin XCVersionGroup section */
		1D120309214ACE8D00B035EC /* Get_Up_.xcdatamodeld */ = {
			isa = XCVersionGroup;
			children = (
				1D12030A214ACE8D00B035EC /* Get_Up_.xcdatamodel */,
			);
			currentVersion = 1D12030A214ACE8D00B035EC /* Get_Up_.xcdatamodel */;
			path = Get_Up_.xcdatamodeld;
			sourceTree = "<group>";
			versionGroupType = wrapper.xcdatamodel;
		};
/* End XCVersionGroup section */
	};
	rootObject = 1D1202F7214ACE8D00B035EC /* Project object */;
}
